Microsoft Visual Studio Solution File, Format Version 11.00
# Visual Studio 2008

Project("{8F9ED6B7-10E3-9761-1501-621C34D4C340}") = "AGP_Assignment_One_GoldDigger", "Assembly-CSharp.csproj", "{35560A90-6AFE-1EB4-7439-6C7702038D17}"
EndProject
Global
	GlobalSection(SolutionConfigurationPlatforms) = preSolution
		Debug|Any CPU = Debug|Any CPU
		Release|Any CPU = Release|Any CPU
	EndGlobalSection
	GlobalSection(ProjectConfigurationPlatforms) = postSolution
		{35560A90-6AFE-1EB4-7439-6C7702038D17}.Debug|Any CPU.ActiveCfg = Debug|Any CPU
		{35560A90-6AFE-1EB4-7439-6C7702038D17}.Debug|Any CPU.Build.0 = Debug|Any CPU
		{35560A90-6AFE-1EB4-7439-6C7702038D17}.Release|Any CPU.ActiveCfg = Release|Any CPU
		{35560A90-6AFE-1EB4-7439-6C7702038D17}.Release|Any CPU.Build.0 = Release|Any CPU
	EndGlobalSection
	GlobalSection(SolutionProperties) = preSolution
		HideSolutionNode = FALSE
	EndGlobalSection
	GlobalSection(MonoDevelopProperties) = preSolution
		StartupItem = Assembly-CSharp.csproj
	EndGlobalSection
EndGlobal
